
Microsoft Visual Studio Solution File, Format Version 12.00
# Visual Studio 14
VisualStudioVersion = 14.0.25123.0
MinimumVisualStudioVersion = 10.0.40219.1
Project("{8BC9CEB8-8B4A-11D0-8D11-00A0C91BC942}") = "lakvik", "lakvik\lakvik.vcxproj", "{D9D45E60-1F0C-4110-9702-0796AD409327}"
EndProject
Project("{8BC9CEB8-8B4A-11D0-8D11-00A0C91BC942}") = "LakvikTests", "LakvikTests\LakvikTests.vcxproj", "{DEC2FB68-00AC-4666-969B-5014BF30B88B}"
	ProjectSection(ProjectDependencies) = postProject
		{D9D45E60-1F0C-4110-9702-0796AD409327} = {D9D45E60-1F0C-4110-9702-0796AD409327}
	EndProjectSection
EndProject
Project("{8BC9CEB8-8B4A-11D0-8D11-00A0C91BC942}") = "ThrottlingApp", "ThrottlingApp\ThrottlingApp.vcxproj", "{70B561FC-0D2E-4A47-93BA-9CC4D03D6D71}"
EndProject
Global
	GlobalSection(SolutionConfigurationPlatforms) = preSolution
		Debug|x64 = Debug|x64
		Debug|x86 = Debug|x86
		Release|x64 = Release|x64
		Release|x86 = Release|x86
	EndGlobalSection
	GlobalSection(ProjectConfigurationPlatforms) = postSolution
		{D9D45E60-1F0C-4110-9702-0796AD409327}.Debug|x64.ActiveCfg = Debug|x64
		{D9D45E60-1F0C-4110-9702-0796AD409327}.Debug|x64.Build.0 = Debug|x64
		{D9D45E60-1F0C-4110-9702-0796AD409327}.Debug|x86.ActiveCfg = Debug|Win32
		{D9D45E60-1F0C-4110-9702-0796AD409327}.Debug|x86.Build.0 = Debug|Win32
		{D9D45E60-1F0C-4110-9702-0796AD409327}.Release|x64.ActiveCfg = Release|x64
		{D9D45E60-1F0C-4110-9702-0796AD409327}.Release|x64.Build.0 = Release|x64
		{D9D45E60-1F0C-4110-9702-0796AD409327}.Release|x86.ActiveCfg = Release|Win32
		{D9D45E60-1F0C-4110-9702-0796AD409327}.Release|x86.Build.0 = Release|Win32
		{DEC2FB68-00AC-4666-969B-5014BF30B88B}.Debug|x64.ActiveCfg = Debug|x64
		{DEC2FB68-00AC-4666-969B-5014BF30B88B}.Debug|x64.Build.0 = Debug|x64
		{DEC2FB68-00AC-4666-969B-5014BF30B88B}.Debug|x86.ActiveCfg = Debug|Win32
		{DEC2FB68-00AC-4666-969B-5014BF30B88B}.Debug|x86.Build.0 = Debug|Win32
		{DEC2FB68-00AC-4666-969B-5014BF30B88B}.Release|x64.ActiveCfg = Release|x64
		{DEC2FB68-00AC-4666-969B-5014BF30B88B}.Release|x64.Build.0 = Release|x64
		{DEC2FB68-00AC-4666-969B-5014BF30B88B}.Release|x86.ActiveCfg = Release|Win32
		{DEC2FB68-00AC-4666-969B-5014BF30B88B}.Release|x86.Build.0 = Release|Win32
		{70B561FC-0D2E-4A47-93BA-9CC4D03D6D71}.Debug|x64.ActiveCfg = Debug|x64
		{70B561FC-0D2E-4A47-93BA-9CC4D03D6D71}.Debug|x64.Build.0 = Debug|x64
		{70B561FC-0D2E-4A47-93BA-9CC4D03D6D71}.Debug|x86.ActiveCfg = Debug|Win32
		{70B561FC-0D2E-4A47-93BA-9CC4D03D6D71}.Debug|x86.Build.0 = Debug|Win32
		{70B561FC-0D2E-4A47-93BA-9CC4D03D6D71}.Release|x64.ActiveCfg = Release|x64
		{70B561FC-0D2E-4A47-93BA-9CC4D03D6D71}.Release|x64.Build.0 = Release|x64
		{70B561FC-0D2E-4A47-93BA-9CC4D03D6D71}.Release|x86.ActiveCfg = Release|Win32
		{70B561FC-0D2E-4A47-93BA-9CC4D03D6D71}.Release|x86.Build.0 = Release|Win32
	EndGlobalSection
	GlobalSection(SolutionProperties) = preSolution
		HideSolutionNode = FALSE
	EndGlobalSection
EndGlobal
